
Microsoft Visual Studio Solution File, Format Version 12.00
# Visual Studio 15
VisualStudioVersion = 15.0.28307.421
MinimumVisualStudioVersion = 10.0.40219.1
Project("{FAE04EC0-301F-11D3-BF4B-00C04F79EFBC}") = "ZymeWire", "ZymeWire\ZymeWire.csproj", "{368F07EB-6B09-4E9D-B63C-13B402EA332D}"
EndProject
Global
	GlobalSection(SolutionConfigurationPlatforms) = preSolution
		Debug|Any CPU = Debug|Any CPU
		Release|Any CPU = Release|Any CPU
	EndGlobalSection
	GlobalSection(ProjectConfigurationPlatforms) = postSolution
		{368F07EB-6B09-4E9D-B63C-13B402EA332D}.Debug|Any CPU.ActiveCfg = Debug|Any CPU
		{368F07EB-6B09-4E9D-B63C-13B402EA332D}.Debug|Any CPU.Build.0 = Debug|Any CPU
		{368F07EB-6B09-4E9D-B63C-13B402EA332D}.Release|Any CPU.ActiveCfg = Release|Any CPU
		{368F07EB-6B09-4E9D-B63C-13B402EA332D}.Release|Any CPU.Build.0 = Release|Any CPU
	EndGlobalSection
	GlobalSection(SolutionProperties) = preSolution
		HideSolutionNode = FALSE
	EndGlobalSection
	GlobalSection(ExtensibilityGlobals) = postSolution
		SolutionGuid = {8C39420C-3591-48BE-AE02-2B4DD35245B7}
	EndGlobalSection
EndGlobal
